
Microsoft Visual Studio Solution File, Format Version 12.00
# Visual Studio Version 16
VisualStudioVersion = 16.0.31205.134
MinimumVisualStudioVersion = 10.0.40219.1
Project("{9A19103F-16F7-4668-BE54-9A1E7A4F7556}") = "2- IntroductionToAspNetCoreMvc", "IntroductionToAspNetCoreMvc\2- IntroductionToAspNetCoreMvc.csproj", "{27F85FA3-AC25-4D6F-A33B-E046C4DC616E}"
EndProject
Project("{9A19103F-16F7-4668-BE54-9A1E7A4F7556}") = "1- FirstMVCCoreWebApp", "FirstMVCCoreWebApp\1- FirstMVCCoreWebApp.csproj", "{6E797C54-3D30-45FA-A6FE-6072756751A5}"
EndProject
Project("{9A19103F-16F7-4668-BE54-9A1E7A4F7556}") = "3- WorkingWithControllersDemo", "WorkingWithControllersDemo\3- WorkingWithControllersDemo.csproj", "{CED54DEA-9C60-45D8-A7B9-F0B4A4681C9C}"
EndProject
Project("{9A19103F-16F7-4668-BE54-9A1E7A4F7556}") = "4- ReturnTypesOfActionsDemo", "ReturnTypesOfActionsDemo\4- ReturnTypesOfActionsDemo.csproj", "{8C7D9FEE-7255-4B06-9434-9D0A2981132B}"
EndProject
Project("{9A19103F-16F7-4668-BE54-9A1E7A4F7556}") = "5- DevConferenceApp", "DevConferenceApp\5- DevConferenceApp.csproj", "{14BA8E54-D278-4C4F-AA28-00436913922C}"
EndProject
Project("{9A19103F-16F7-4668-BE54-9A1E7A4F7556}") = "6- StateManagementDemo", "StateManagementDemo\6- StateManagementDemo.csproj", "{99E24679-D1E4-4708-A0A8-A3A00F420816}"
EndProject
Project("{9A19103F-16F7-4668-BE54-9A1E7A4F7556}") = "7- WorkingWithCookiesDemo", "WorkingWithCookiesDemo\7- WorkingWithCookiesDemo.csproj", "{F778B966-9FB6-4FF4-9BDE-8522335505DD}"
EndProject
Project("{9A19103F-16F7-4668-BE54-9A1E7A4F7556}") = "8- StronglyTypedModelViewsDemo", "StronglyTypedModelViewsDemo\8- StronglyTypedModelViewsDemo.csproj", "{9C531398-9C7D-44EC-B6D5-354CF93760F9}"
EndProject
Project("{9A19103F-16F7-4668-BE54-9A1E7A4F7556}") = "9- FormsTagHelperDemo", "FormsTagHelperDemo\9- FormsTagHelperDemo.csproj", "{4564A483-734E-4BFC-9C4D-F313739DAA8F}"
EndProject
Project("{9A19103F-16F7-4668-BE54-9A1E7A4F7556}") = "10- ValidationsDemo", "ValidationsDemo\10- ValidationsDemo.csproj", "{D9FF0286-0014-4E1E-9491-19A60A14E6EB}"
EndProject
Project("{9A19103F-16F7-4668-BE54-9A1E7A4F7556}") = "11- DependenyInjectionDemo", "DependenyInjectionDemo\11- DependenyInjectionDemo.csproj", "{7C472A89-4E3E-46A7-9E70-D2973A4F70E5}"
EndProject
Project("{9A19103F-16F7-4668-BE54-9A1E7A4F7556}") = "12- LoggingServiceDemo", "LoggingServiceDemo\12- LoggingServiceDemo.csproj", "{4D49D9E6-0473-4501-8444-B3982D22CF39}"
EndProject
Project("{9A19103F-16F7-4668-BE54-9A1E7A4F7556}") = "EmployeeApp", "EmployeeApp\EmployeeApp.csproj", "{3C452402-D292-4818-BD91-ED7657DC3294}"
EndProject
Project("{9A19103F-16F7-4668-BE54-9A1E7A4F7556}") = "IdentityCoreDemo", "IdentityCoreDemo\IdentityCoreDemo.csproj", "{743404B3-280E-4262-9855-12B2A21DEDFB}"
EndProject
Project("{9A19103F-16F7-4668-BE54-9A1E7A4F7556}") = "MoviesApp", "MoviesApp\MoviesApp.csproj", "{5F723B5E-EE63-4051-B322-0C79A4C282AF}"
EndProject
Project("{FAE04EC0-301F-11D3-BF4B-00C04F79EFBC}") = "EntityFrameworkDemo", "EntityFrameworkDemo\EntityFrameworkDemo.csproj", "{1B2F1923-D5D0-459B-AD1C-52E8D866EFBF}"
EndProject
Project("{FAE04EC0-301F-11D3-BF4B-00C04F79EFBC}") = "ProductShop", "ProductShop\ProductShop.csproj", "{6FB76F98-E622-4DEC-9412-C134452E08D2}"
EndProject
Project("{FAE04EC0-301F-11D3-BF4B-00C04F79EFBC}") = "SongsList", "SongsList\SongsList.csproj", "{3899B5AA-65BD-4A70-9B7F-B1A963218BBC}"
EndProject
Project("{FAE04EC0-301F-11D3-BF4B-00C04F79EFBC}") = "RoutingDemo", "RoutingDemo\RoutingDemo.csproj", "{A562649E-ADCA-4407-8AFE-27001D86C454}"
EndProject
Project("{FAE04EC0-301F-11D3-BF4B-00C04F79EFBC}") = "CandyShop", "CandyShop\CandyShop.csproj", "{A8AAA89D-6E03-4443-BE50-3341D3AF752A}"
EndProject
Global
	GlobalSection(SolutionConfigurationPlatforms) = preSolution
		Debug|Any CPU = Debug|Any CPU
		Release|Any CPU = Release|Any CPU
	EndGlobalSection
	GlobalSection(ProjectConfigurationPlatforms) = postSolution
		{27F85FA3-AC25-4D6F-A33B-E046C4DC616E}.Debug|Any CPU.ActiveCfg = Debug|Any CPU
		{27F85FA3-AC25-4D6F-A33B-E046C4DC616E}.Debug|Any CPU.Build.0 = Debug|Any CPU
		{27F85FA3-AC25-4D6F-A33B-E046C4DC616E}.Release|Any CPU.ActiveCfg = Release|Any CPU
		{27F85FA3-AC25-4D6F-A33B-E046C4DC616E}.Release|Any CPU.Build.0 = Release|Any CPU
		{6E797C54-3D30-45FA-A6FE-6072756751A5}.Debug|Any CPU.ActiveCfg = Debug|Any CPU
		{6E797C54-3D30-45FA-A6FE-6072756751A5}.Debug|Any CPU.Build.0 = Debug|Any CPU
		{6E797C54-3D30-45FA-A6FE-6072756751A5}.Release|Any CPU.ActiveCfg = Release|Any CPU
		{6E797C54-3D30-45FA-A6FE-6072756751A5}.Release|Any CPU.Build.0 = Release|Any CPU
		{CED54DEA-9C60-45D8-A7B9-F0B4A4681C9C}.Debug|Any CPU.ActiveCfg = Debug|Any CPU
		{CED54DEA-9C60-45D8-A7B9-F0B4A4681C9C}.Debug|Any CPU.Build.0 = Debug|Any CPU
		{CED54DEA-9C60-45D8-A7B9-F0B4A4681C9C}.Release|Any CPU.ActiveCfg = Release|Any CPU
		{CED54DEA-9C60-45D8-A7B9-F0B4A4681C9C}.Release|Any CPU.Build.0 = Release|Any CPU
		{8C7D9FEE-7255-4B06-9434-9D0A2981132B}.Debug|Any CPU.ActiveCfg = Debug|Any CPU
		{8C7D9FEE-7255-4B06-9434-9D0A2981132B}.Debug|Any CPU.Build.0 = Debug|Any CPU
		{8C7D9FEE-7255-4B06-9434-9D0A2981132B}.Release|Any CPU.ActiveCfg = Release|Any CPU
		{8C7D9FEE-7255-4B06-9434-9D0A2981132B}.Release|Any CPU.Build.0 = Release|Any CPU
		{14BA8E54-D278-4C4F-AA28-00436913922C}.Debug|Any CPU.ActiveCfg = Debug|Any CPU
		{14BA8E54-D278-4C4F-AA28-00436913922C}.Debug|Any CPU.Build.0 = Debug|Any CPU
		{14BA8E54-D278-4C4F-AA28-00436913922C}.Release|Any CPU.ActiveCfg = Release|Any CPU
		{14BA8E54-D278-4C4F-AA28-00436913922C}.Release|Any CPU.Build.0 = Release|Any CPU
		{99E24679-D1E4-4708-A0A8-A3A00F420816}.Debug|Any CPU.ActiveCfg = Debug|Any CPU
		{99E24679-D1E4-4708-A0A8-A3A00F420816}.Debug|Any CPU.Build.0 = Debug|Any CPU
		{99E24679-D1E4-4708-A0A8-A3A00F420816}.Release|Any CPU.ActiveCfg = Release|Any CPU
		{99E24679-D1E4-4708-A0A8-A3A00F420816}.Release|Any CPU.Build.0 = Release|Any CPU
		{F778B966-9FB6-4FF4-9BDE-8522335505DD}.Debug|Any CPU.ActiveCfg = Debug|Any CPU
		{F778B966-9FB6-4FF4-9BDE-8522335505DD}.Debug|Any CPU.Build.0 = Debug|Any CPU
		{F778B966-9FB6-4FF4-9BDE-8522335505DD}.Release|Any CPU.ActiveCfg = Release|Any CPU
		{F778B966-9FB6-4FF4-9BDE-8522335505DD}.Release|Any CPU.Build.0 = Release|Any CPU
		{9C531398-9C7D-44EC-B6D5-354CF93760F9}.Debug|Any CPU.ActiveCfg = Debug|Any CPU
		{9C531398-9C7D-44EC-B6D5-354CF93760F9}.Debug|Any CPU.Build.0 = Debug|Any CPU
		{9C531398-9C7D-44EC-B6D5-354CF93760F9}.Release|Any CPU.ActiveCfg = Release|Any CPU
		{9C531398-9C7D-44EC-B6D5-354CF93760F9}.Release|Any CPU.Build.0 = Release|Any CPU
		{4564A483-734E-4BFC-9C4D-F313739DAA8F}.Debug|Any CPU.ActiveCfg = Debug|Any CPU
		{4564A483-734E-4BFC-9C4D-F313739DAA8F}.Debug|Any CPU.Build.0 = Debug|Any CPU
		{4564A483-734E-4BFC-9C4D-F313739DAA8F}.Release|Any CPU.ActiveCfg = Release|Any CPU
		{4564A483-734E-4BFC-9C4D-F313739DAA8F}.Release|Any CPU.Build.0 = Release|Any CPU
		{D9FF0286-0014-4E1E-9491-19A60A14E6EB}.Debug|Any CPU.ActiveCfg = Debug|Any CPU
		{D9FF0286-0014-4E1E-9491-19A60A14E6EB}.Debug|Any CPU.Build.0 = Debug|Any CPU
		{D9FF0286-0014-4E1E-9491-19A60A14E6EB}.Release|Any CPU.ActiveCfg = Release|Any CPU
		{D9FF0286-0014-4E1E-9491-19A60A14E6EB}.Release|Any CPU.Build.0 = Release|Any CPU
		{7C472A89-4E3E-46A7-9E70-D2973A4F70E5}.Debug|Any CPU.ActiveCfg = Debug|Any CPU
		{7C472A89-4E3E-46A7-9E70-D2973A4F70E5}.Debug|Any CPU.Build.0 = Debug|Any CPU
		{7C472A89-4E3E-46A7-9E70-D2973A4F70E5}.Release|Any CPU.ActiveCfg = Release|Any CPU
		{7C472A89-4E3E-46A7-9E70-D2973A4F70E5}.Release|Any CPU.Build.0 = Release|Any CPU
		{4D49D9E6-0473-4501-8444-B3982D22CF39}.Debug|Any CPU.ActiveCfg = Debug|Any CPU
		{4D49D9E6-0473-4501-8444-B3982D22CF39}.Debug|Any CPU.Build.0 = Debug|Any CPU
		{4D49D9E6-0473-4501-8444-B3982D22CF39}.Release|Any CPU.ActiveCfg = Release|Any CPU
		{4D49D9E6-0473-4501-8444-B3982D22CF39}.Release|Any CPU.Build.0 = Release|Any CPU
		{3C452402-D292-4818-BD91-ED7657DC3294}.Debug|Any CPU.ActiveCfg = Debug|Any CPU
		{3C452402-D292-4818-BD91-ED7657DC3294}.Debug|Any CPU.Build.0 = Debug|Any CPU
		{3C452402-D292-4818-BD91-ED7657DC3294}.Release|Any CPU.ActiveCfg = Release|Any CPU
		{3C452402-D292-4818-BD91-ED7657DC3294}.Release|Any CPU.Build.0 = Release|Any CPU
		{743404B3-280E-4262-9855-12B2A21DEDFB}.Debug|Any CPU.ActiveCfg = Debug|Any CPU
		{743404B3-280E-4262-9855-12B2A21DEDFB}.Debug|Any CPU.Build.0 = Debug|Any CPU
		{743404B3-280E-4262-9855-12B2A21DEDFB}.Release|Any CPU.ActiveCfg = Release|Any CPU
		{743404B3-280E-4262-9855-12B2A21DEDFB}.Release|Any CPU.Build.0 = Release|Any CPU
		{5F723B5E-EE63-4051-B322-0C79A4C282AF}.Debug|Any CPU.ActiveCfg = Debug|Any CPU
		{5F723B5E-EE63-4051-B322-0C79A4C282AF}.Debug|Any CPU.Build.0 = Debug|Any CPU
		{5F723B5E-EE63-4051-B322-0C79A4C282AF}.Release|Any CPU.ActiveCfg = Release|Any CPU
		{5F723B5E-EE63-4051-B322-0C79A4C282AF}.Release|Any CPU.Build.0 = Release|Any CPU
		{1B2F1923-D5D0-459B-AD1C-52E8D866EFBF}.Debug|Any CPU.ActiveCfg = Debug|Any CPU
		{1B2F1923-D5D0-459B-AD1C-52E8D866EFBF}.Debug|Any CPU.Build.0 = Debug|Any CPU
		{1B2F1923-D5D0-459B-AD1C-52E8D866EFBF}.Release|Any CPU.ActiveCfg = Release|Any CPU
		{1B2F1923-D5D0-459B-AD1C-52E8D866EFBF}.Release|Any CPU.Build.0 = Release|Any CPU
		{6FB76F98-E622-4DEC-9412-C134452E08D2}.Debug|Any CPU.ActiveCfg = Debug|Any CPU
		{6FB76F98-E622-4DEC-9412-C134452E08D2}.Debug|Any CPU.Build.0 = Debug|Any CPU
		{6FB76F98-E622-4DEC-9412-C134452E08D2}.Release|Any CPU.ActiveCfg = Release|Any CPU
		{6FB76F98-E622-4DEC-9412-C134452E08D2}.Release|Any CPU.Build.0 = Release|Any CPU
		{3899B5AA-65BD-4A70-9B7F-B1A963218BBC}.Debug|Any CPU.ActiveCfg = Debug|Any CPU
		{3899B5AA-65BD-4A70-9B7F-B1A963218BBC}.Debug|Any CPU.Build.0 = Debug|Any CPU
		{3899B5AA-65BD-4A70-9B7F-B1A963218BBC}.Release|Any CPU.ActiveCfg = Release|Any CPU
		{3899B5AA-65BD-4A70-9B7F-B1A963218BBC}.Release|Any CPU.Build.0 = Release|Any CPU
		{A562649E-ADCA-4407-8AFE-27001D86C454}.Debug|Any CPU.ActiveCfg = Debug|Any CPU
		{A562649E-ADCA-4407-8AFE-27001D86C454}.Debug|Any CPU.Build.0 = Debug|Any CPU
		{A562649E-ADCA-4407-8AFE-27001D86C454}.Release|Any CPU.ActiveCfg = Release|Any CPU
		{A562649E-ADCA-4407-8AFE-27001D86C454}.Release|Any CPU.Build.0 = Release|Any CPU
		{A8AAA89D-6E03-4443-BE50-3341D3AF752A}.Debug|Any CPU.ActiveCfg = Debug|Any CPU
		{A8AAA89D-6E03-4443-BE50-3341D3AF752A}.Debug|Any CPU.Build.0 = Debug|Any CPU
		{A8AAA89D-6E03-4443-BE50-3341D3AF752A}.Release|Any CPU.ActiveCfg = Release|Any CPU
		{A8AAA89D-6E03-4443-BE50-3341D3AF752A}.Release|Any CPU.Build.0 = Release|Any CPU
	EndGlobalSection
	GlobalSection(SolutionProperties) = preSolution
		HideSolutionNode = FALSE
	EndGlobalSection
	GlobalSection(ExtensibilityGlobals) = postSolution
		SolutionGuid = {5F4E6BFA-A02B-4250-A93F-25D5E400ABE1}
	EndGlobalSection
EndGlobal
